// !$*UTF8*$!
{
	archiveVersion = 1;
	classes = {
	};
	objectVersion = 46;
	objects = {

/* Begin PBXBuildFile section */
		6C3A4C44159EADF900985CCD /* SIMBL Agent.app in CopyFiles */ = {isa = PBXBuildFile; fileRef = 6C3A4C35159E7E7000985CCD /* SIMBL Agent.app */; };
		6C4AAA6B15AEE600009B0BBA /* icon.iconset in Resources */ = {isa = PBXBuildFile; fileRef = 6C4AAA6A15AEE600009B0BBA /* icon.iconset */; };
		6C564485159E7C0800215467 /* Cocoa.framework in Frameworks */ = {isa = PBXBuildFile; fileRef = 6C564484159E7C0800215467 /* Cocoa.framework */; };
		6C56448F159E7C0800215467 /* InfoPlist.strings in Resources */ = {isa = PBXBuildFile; fileRef = 6C56448D159E7C0800215467 /* InfoPlist.strings */; };
		6C564491159E7C0800215467 /* main.m in Sources */ = {isa = PBXBuildFile; fileRef = 6C564490159E7C0800215467 /* main.m */; };
		6C564495159E7C0900215467 /* Credits.rtf in Resources */ = {isa = PBXBuildFile; fileRef = 6C564493159E7C0900215467 /* Credits.rtf */; };
		6C564498159E7C0900215467 /* AppDelegate.m in Sources */ = {isa = PBXBuildFile; fileRef = 6C564497159E7C0900215467 /* AppDelegate.m */; };
		6C56449B159E7C0900215467 /* MainMenu.xib in Resources */ = {isa = PBXBuildFile; fileRef = 6C564499159E7C0900215467 /* MainMenu.xib */; };
		6C5644B8159E7D3900215467 /* ServiceManagement.framework in Frameworks */ = {isa = PBXBuildFile; fileRef = 6C5644B7159E7D3900215467 /* ServiceManagement.framework */; };
		6CCA2AF115AAC6200085ABB4 /* SIMBL.m in Sources */ = {isa = PBXBuildFile; fileRef = 6CCA2AEF15AAB8670085ABB4 /* SIMBL.m */; };
		AA7EB1DB15A45EC100D76CFC /* ESPluginListManager.m in Sources */ = {isa = PBXBuildFile; fileRef = AA7EB1DA15A45EC100D76CFC /* ESPluginListManager.m */; };
		AA7EB1E115A4617700D76CFC /* ESPluginListTableView.m in Sources */ = {isa = PBXBuildFile; fileRef = AA7EB1E015A4617700D76CFC /* ESPluginListTableView.m */; };
		AA7EB1E415A4625500D76CFC /* ESPluginListCellView.m in Sources */ = {isa = PBXBuildFile; fileRef = AA7EB1E315A4625500D76CFC /* ESPluginListCellView.m */; };
/* End PBXBuildFile section */

/* Begin PBXContainerItemProxy section */
		6C3A4C34159E7E7000985CCD /* PBXContainerItemProxy */ = {
			isa = PBXContainerItemProxy;
			containerPortal = 6C3A4C2B159E7E6F00985CCD /* SIMBL.xcodeproj */;
			proxyType = 2;
			remoteGlobalIDString = 276144C1105F51CA00F906F6;
			remoteInfo = SIMBL.Agent;
		};
		6C3A4C36159E7E7000985CCD /* PBXContainerItemProxy */ = {
			isa = PBXContainerItemProxy;
			containerPortal = 6C3A4C2B159E7E6F00985CCD /* SIMBL.xcodeproj */;
			proxyType = 2;
			remoteGlobalIDString = 8D5B49B6048680CD000E48DA;
			remoteInfo = SIMBL;
		};
		6C964DC6159EB06100A6976D /* PBXContainerItemProxy */ = {
			isa = PBXContainerItemProxy;
			containerPortal = 6C3A4C2B159E7E6F00985CCD /* SIMBL.xcodeproj */;
			proxyType = 1;
			remoteGlobalIDString = 276144C0105F51CA00F906F6;
			remoteInfo = SIMBL.Agent;
		};
/* End PBXContainerItemProxy section */

/* Begin PBXCopyFilesBuildPhase section */
		6C5644B9159E7D6C00215467 /* CopyFiles */ = {
			isa = PBXCopyFilesBuildPhase;
			buildActionMask = 2147483647;
			dstPath = Contents/Library/LoginItems;
			dstSubfolderSpec = 1;
			files = (
				6C3A4C44159EADF900985CCD /* SIMBL Agent.app in CopyFiles */,
			);
			runOnlyForDeploymentPostprocessing = 0;
		};
/* End PBXCopyFilesBuildPhase section */

/* Begin PBXFileReference section */
		6C3A4C2B159E7E6F00985CCD /* SIMBL.xcodeproj */ = {isa = PBXFileReference; lastKnownFileType = "wrapper.pb-project"; path = SIMBL.xcodeproj; sourceTree = "<group>"; };
		6C4AAA6A15AEE600009B0BBA /* icon.iconset */ = {isa = PBXFileReference; lastKnownFileType = folder.iconset; name = icon.iconset; path = ../icon.iconset; sourceTree = "<group>"; };
		6C564480159E7C0800215467 /* Flashlight.app */ = {isa = PBXFileReference; explicitFileType = wrapper.application; includeInIndex = 0; path = Flashlight.app; sourceTree = BUILT_PRODUCTS_DIR; };
		6C564484159E7C0800215467 /* Cocoa.framework */ = {isa = PBXFileReference; lastKnownFileType = wrapper.framework; name = Cocoa.framework; path = System/Library/Frameworks/Cocoa.framework; sourceTree = SDKROOT; };
		6C564487159E7C0800215467 /* AppKit.framework */ = {isa = PBXFileReference; lastKnownFileType = wrapper.framework; name = AppKit.framework; path = System/Library/Frameworks/AppKit.framework; sourceTree = SDKROOT; };
		6C564488159E7C0800215467 /* CoreData.framework */ = {isa = PBXFileReference; lastKnownFileType = wrapper.framework; name = CoreData.framework; path = System/Library/Frameworks/CoreData.framework; sourceTree = SDKROOT; };
		6C564489159E7C0800215467 /* Foundation.framework */ = {isa = PBXFileReference; lastKnownFileType = wrapper.framework; name = Foundation.framework; path = System/Library/Frameworks/Foundation.framework; sourceTree = SDKROOT; };
		6C56448C159E7C0800215467 /* Flashlight-Info.plist */ = {isa = PBXFileReference; lastKnownFileType = text.plist.xml; path = "Flashlight-Info.plist"; sourceTree = "<group>"; };
		6C56448E159E7C0800215467 /* en */ = {isa = PBXFileReference; lastKnownFileType = text.plist.strings; name = en; path = en.lproj/InfoPlist.strings; sourceTree = "<group>"; };
		6C564490159E7C0800215467 /* main.m */ = {isa = PBXFileReference; lastKnownFileType = sourcecode.c.objc; path = main.m; sourceTree = "<group>"; };
		6C564492159E7C0900215467 /* Flashlight-Prefix.pch */ = {isa = PBXFileReference; lastKnownFileType = sourcecode.c.h; path = "Flashlight-Prefix.pch"; sourceTree = "<group>"; };
		6C564494159E7C0900215467 /* en */ = {isa = PBXFileReference; lastKnownFileType = text.rtf; name = en; path = en.lproj/Credits.rtf; sourceTree = "<group>"; };
		6C564496159E7C0900215467 /* AppDelegate.h */ = {isa = PBXFileReference; lastKnownFileType = sourcecode.c.h; path = AppDelegate.h; sourceTree = "<group>"; };
		6C564497159E7C0900215467 /* AppDelegate.m */ = {isa = PBXFileReference; lastKnownFileType = sourcecode.c.objc; lineEnding = 0; path = AppDelegate.m; sourceTree = "<group>"; xcLanguageSpecificationIdentifier = xcode.lang.objc; };
		6C56449A159E7C0900215467 /* en */ = {isa = PBXFileReference; lastKnownFileType = file.xib; name = en; path = en.lproj/MainMenu.xib; sourceTree = "<group>"; };
		6C5644B7159E7D3900215467 /* ServiceManagement.framework */ = {isa = PBXFileReference; lastKnownFileType = wrapper.framework; name = ServiceManagement.framework; path = System/Library/Frameworks/ServiceManagement.framework; sourceTree = SDKROOT; };
		6C6AF45E1842DE3700E2ACBB /* README.md */ = {isa = PBXFileReference; lastKnownFileType = text; path = README.md; sourceTree = "<group>"; };
		6CCA2AEE15AAB8670085ABB4 /* SIMBL.h */ = {isa = PBXFileReference; fileEncoding = 4; lastKnownFileType = sourcecode.c.h; lineEnding = 0; name = SIMBL.h; path = ../src/SIMBL.h; sourceTree = "<group>"; xcLanguageSpecificationIdentifier = xcode.lang.objcpp; };
		6CCA2AEF15AAB8670085ABB4 /* SIMBL.m */ = {isa = PBXFileReference; fileEncoding = 4; lastKnownFileType = sourcecode.c.objc; lineEnding = 0; name = SIMBL.m; path = ../src/SIMBL.m; sourceTree = "<group>"; xcLanguageSpecificationIdentifier = xcode.lang.objc; };
		AA7EB1D915A45EC100D76CFC /* ESPluginListManager.h */ = {isa = PBXFileReference; fileEncoding = 4; lastKnownFileType = sourcecode.c.h; path = ESPluginListManager.h; sourceTree = "<group>"; };
		AA7EB1DA15A45EC100D76CFC /* ESPluginListManager.m */ = {isa = PBXFileReference; fileEncoding = 4; lastKnownFileType = sourcecode.c.objc; lineEnding = 0; path = ESPluginListManager.m; sourceTree = "<group>"; xcLanguageSpecificationIdentifier = xcode.lang.objc; };
		AA7EB1DF15A4617700D76CFC /* ESPluginListTableView.h */ = {isa = PBXFileReference; fileEncoding = 4; lastKnownFileType = sourcecode.c.h; path = ESPluginListTableView.h; sourceTree = "<group>"; };
		AA7EB1E015A4617700D76CFC /* ESPluginListTableView.m */ = {isa = PBXFileReference; fileEncoding = 4; lastKnownFileType = sourcecode.c.objc; path = ESPluginListTableView.m; sourceTree = "<group>"; };
		AA7EB1E215A4625500D76CFC /* ESPluginListCellView.h */ = {isa = PBXFileReference; fileEncoding = 4; lastKnownFileType = sourcecode.c.h; path = ESPluginListCellView.h; sourceTree = "<group>"; };
		AA7EB1E315A4625500D76CFC /* ESPluginListCellView.m */ = {isa = PBXFileReference; fileEncoding = 4; lastKnownFileType = sourcecode.c.objc; path = ESPluginListCellView.m; sourceTree = "<group>"; };
/* End PBXFileReference section */

/* Begin PBXFrameworksBuildPhase section */
		6C56447D159E7C0800215467 /* Frameworks */ = {
			isa = PBXFrameworksBuildPhase;
			buildActionMask = 2147483647;
			files = (
				6C564485159E7C0800215467 /* Cocoa.framework in Frameworks */,
				6C5644B8159E7D3900215467 /* ServiceManagement.framework in Frameworks */,
			);
			runOnlyForDeploymentPostprocessing = 0;
		};
/* End PBXFrameworksBuildPhase section */

/* Begin PBXGroup section */
		6C3A4C2C159E7E6F00985CCD /* Products */ = {
			isa = PBXGroup;
			children = (
				6C3A4C35159E7E7000985CCD /* SIMBL Agent.app */,
				6C3A4C37159E7E7000985CCD /* EasySIMBL.osax */,
			);
			name = Products;
			sourceTree = "<group>";
		};
		6C564475159E7C0800215467 = {
			isa = PBXGroup;
			children = (
				6C6AF45E1842DE3700E2ACBB /* README.md */,
				6C56448A159E7C0800215467 /* EasySIMBL */,
				6C3A4C2B159E7E6F00985CCD /* SIMBL.xcodeproj */,
				6C564483159E7C0800215467 /* Frameworks */,
				6C564481159E7C0800215467 /* Products */,
			);
			sourceTree = "<group>";
		};
		6C564481159E7C0800215467 /* Products */ = {
			isa = PBXGroup;
			children = (
				6C564480159E7C0800215467 /* Flashlight.app */,
			);
			name = Products;
			sourceTree = "<group>";
		};
		6C564483159E7C0800215467 /* Frameworks */ = {
			isa = PBXGroup;
			children = (
				6C564484159E7C0800215467 /* Cocoa.framework */,
				6C5644B7159E7D3900215467 /* ServiceManagement.framework */,
				6C564486159E7C0800215467 /* Other Frameworks */,
			);
			name = Frameworks;
			sourceTree = "<group>";
		};
		6C564486159E7C0800215467 /* Other Frameworks */ = {
			isa = PBXGroup;
			children = (
				6C564487159E7C0800215467 /* AppKit.framework */,
				6C564488159E7C0800215467 /* CoreData.framework */,
				6C564489159E7C0800215467 /* Foundation.framework */,
			);
			name = "Other Frameworks";
			sourceTree = "<group>";
		};
		6C56448A159E7C0800215467 /* EasySIMBL */ = {
			isa = PBXGroup;
			children = (
				6C4AAA6A15AEE600009B0BBA /* icon.iconset */,
				6CCA2AEE15AAB8670085ABB4 /* SIMBL.h */,
				6CCA2AEF15AAB8670085ABB4 /* SIMBL.m */,
				6C564496159E7C0900215467 /* AppDelegate.h */,
				6C564497159E7C0900215467 /* AppDelegate.m */,
				6C564499159E7C0900215467 /* MainMenu.xib */,
				6C56448B159E7C0800215467 /* Supporting Files */,
				AA7EB1D915A45EC100D76CFC /* ESPluginListManager.h */,
				AA7EB1DA15A45EC100D76CFC /* ESPluginListManager.m */,
				AA7EB1DF15A4617700D76CFC /* ESPluginListTableView.h */,
				AA7EB1E015A4617700D76CFC /* ESPluginListTableView.m */,
				AA7EB1E215A4625500D76CFC /* ESPluginListCellView.h */,
				AA7EB1E315A4625500D76CFC /* ESPluginListCellView.m */,
			);
			path = EasySIMBL;
			sourceTree = "<group>";
		};
		6C56448B159E7C0800215467 /* Supporting Files */ = {
			isa = PBXGroup;
			children = (
				6C56448C159E7C0800215467 /* Flashlight-Info.plist */,
				6C56448D159E7C0800215467 /* InfoPlist.strings */,
				6C564490159E7C0800215467 /* main.m */,
				6C564492159E7C0900215467 /* Flashlight-Prefix.pch */,
				6C564493159E7C0900215467 /* Credits.rtf */,
			);
			name = "Supporting Files";
			sourceTree = "<group>";
		};
/* End PBXGroup section */

/* Begin PBXNativeTarget section */
		6C56447F159E7C0800215467 /* Flashlight */ = {
			isa = PBXNativeTarget;
			buildConfigurationList = 6C56449E159E7C0900215467 /* Build configuration list for PBXNativeTarget "Flashlight" */;
			buildPhases = (
				6C56447C159E7C0800215467 /* Sources */,
				6C56447D159E7C0800215467 /* Frameworks */,
				6C56447E159E7C0800215467 /* Resources */,
				6C5644B9159E7D6C00215467 /* CopyFiles */,
			);
			buildRules = (
			);
			dependencies = (
				6C964DC7159EB06100A6976D /* PBXTargetDependency */,
			);
			name = Flashlight;
			productName = EasySIMBL;
			productReference = 6C564480159E7C0800215467 /* Flashlight.app */;
			productType = "com.apple.product-type.application";
		};
/* End PBXNativeTarget section */

/* Begin PBXProject section */
		6C564477159E7C0800215467 /* Project object */ = {
			isa = PBXProject;
			attributes = {
				LastUpgradeCheck = 0500;
			};
			buildConfigurationList = 6C56447A159E7C0800215467 /* Build configuration list for PBXProject "Flashlight" */;
			compatibilityVersion = "Xcode 3.2";
			developmentRegion = English;
			hasScannedForEncodings = 0;
			knownRegions = (
				en,
			);
			mainGroup = 6C564475159E7C0800215467;
			productRefGroup = 6C564481159E7C0800215467 /* Products */;
			projectDirPath = "";
			projectReferences = (
				{
					ProductGroup = 6C3A4C2C159E7E6F00985CCD /* Products */;
					ProjectRef = 6C3A4C2B159E7E6F00985CCD /* SIMBL.xcodeproj */;
				},
			);
			projectRoot = "";
			targets = (
				6C56447F159E7C0800215467 /* Flashlight */,
			);
		};
/* End PBXProject section */

/* Begin PBXReferenceProxy section */
		6C3A4C35159E7E7000985CCD /* SIMBL Agent.app */ = {
			isa = PBXReferenceProxy;
			fileType = wrapper.application;
			name = "SIMBL Agent.app";
			path = FlashlightSIMBLAgent.app;
			remoteRef = 6C3A4C34159E7E7000985CCD /* PBXContainerItemProxy */;
			sourceTree = BUILT_PRODUCTS_DIR;
		};
		6C3A4C37159E7E7000985CCD /* EasySIMBL.osax */ = {
			isa = PBXReferenceProxy;
			fileType = wrapper.cfbundle;
			path = Flashlight.osax;
			remoteRef = 6C3A4C36159E7E7000985CCD /* PBXContainerItemProxy */;
			sourceTree = BUILT_PRODUCTS_DIR;
		};
/* End PBXReferenceProxy section */

/* Begin PBXResourcesBuildPhase section */
		6C56447E159E7C0800215467 /* Resources */ = {
			isa = PBXResourcesBuildPhase;
			buildActionMask = 2147483647;
			files = (
				6C56448F159E7C0800215467 /* InfoPlist.strings in Resources */,
				6C564495159E7C0900215467 /* Credits.rtf in Resources */,
				6C56449B159E7C0900215467 /* MainMenu.xib in Resources */,
				6C4AAA6B15AEE600009B0BBA /* icon.iconset in Resources */,
			);
			runOnlyForDeploymentPostprocessing = 0;
		};
/* End PBXResourcesBuildPhase section */

/* Begin PBXSourcesBuildPhase section */
		6C56447C159E7C0800215467 /* Sources */ = {
			isa = PBXSourcesBuildPhase;
			buildActionMask = 2147483647;
			files = (
				6C564491159E7C0800215467 /* main.m in Sources */,
				6C564498159E7C0900215467 /* AppDelegate.m in Sources */,
				AA7EB1DB15A45EC100D76CFC /* ESPluginListManager.m in Sources */,
				AA7EB1E115A4617700D76CFC /* ESPluginListTableView.m in Sources */,
				AA7EB1E415A4625500D76CFC /* ESPluginListCellView.m in Sources */,
				6CCA2AF115AAC6200085ABB4 /* SIMBL.m in Sources */,
			);
			runOnlyForDeploymentPostprocessing = 0;
		};
/* End PBXSourcesBuildPhase section */

/* Begin PBXTargetDependency section */
		6C964DC7159EB06100A6976D /* PBXTargetDependency */ = {
			isa = PBXTargetDependency;
			name = SIMBL.Agent;
			targetProxy = 6C964DC6159EB06100A6976D /* PBXContainerItemProxy */;
		};
/* End PBXTargetDependency section */

/* Begin PBXVariantGroup section */
		6C56448D159E7C0800215467 /* InfoPlist.strings */ = {
			isa = PBXVariantGroup;
			children = (
				6C56448E159E7C0800215467 /* en */,
			);
			name = InfoPlist.strings;
			sourceTree = "<group>";
		};
		6C564493159E7C0900215467 /* Credits.rtf */ = {
			isa = PBXVariantGroup;
			children = (
				6C564494159E7C0900215467 /* en */,
			);
			name = Credits.rtf;
			sourceTree = "<group>";
		};
		6C564499159E7C0900215467 /* MainMenu.xib */ = {
			isa = PBXVariantGroup;
			children = (
				6C56449A159E7C0900215467 /* en */,
			);
			name = MainMenu.xib;
			sourceTree = "<group>";
		};
/* End PBXVariantGroup section */

/* Begin XCBuildConfiguration section */
		6C56449C159E7C0900215467 /* Debug */ = {
			isa = XCBuildConfiguration;
			buildSettings = {
				ALWAYS_SEARCH_USER_PATHS = NO;
				CLANG_ENABLE_OBJC_ARC = YES;
				CLANG_WARN_BOOL_CONVERSION = YES;
				CLANG_WARN_CONSTANT_CONVERSION = YES;
				CLANG_WARN_EMPTY_BODY = YES;
				CLANG_WARN_ENUM_CONVERSION = YES;
				CLANG_WARN_INT_CONVERSION = YES;
				CLANG_WARN__DUPLICATE_METHOD_MATCH = YES;
				COPY_PHASE_STRIP = NO;
				GCC_C_LANGUAGE_STANDARD = gnu99;
				GCC_DYNAMIC_NO_PIC = NO;
				GCC_ENABLE_OBJC_EXCEPTIONS = YES;
				GCC_OPTIMIZATION_LEVEL = 0;
				GCC_PREPROCESSOR_DEFINITIONS = (
					"DEBUG=1",
					"$(inherited)",
				);
				GCC_SYMBOLS_PRIVATE_EXTERN = NO;
				GCC_VERSION = com.apple.compilers.llvm.clang.1_0;
				GCC_WARN_64_TO_32_BIT_CONVERSION = YES;
				GCC_WARN_ABOUT_RETURN_TYPE = YES;
				GCC_WARN_UNDECLARED_SELECTOR = YES;
				GCC_WARN_UNINITIALIZED_AUTOS = YES;
				GCC_WARN_UNUSED_FUNCTION = YES;
				GCC_WARN_UNUSED_VARIABLE = YES;
				MACOSX_DEPLOYMENT_TARGET = 10.7;
				ONLY_ACTIVE_ARCH = YES;
				SDKROOT = macosx;
			};
			name = Debug;
		};
		6C56449D159E7C0900215467 /* Release */ = {
			isa = XCBuildConfiguration;
			buildSettings = {
				ALWAYS_SEARCH_USER_PATHS = NO;
				CLANG_ENABLE_OBJC_ARC = YES;
				CLANG_WARN_BOOL_CONVERSION = YES;
				CLANG_WARN_CONSTANT_CONVERSION = YES;
				CLANG_WARN_EMPTY_BODY = YES;
				CLANG_WARN_ENUM_CONVERSION = YES;
				CLANG_WARN_INT_CONVERSION = YES;
				CLANG_WARN__DUPLICATE_METHOD_MATCH = YES;
				COPY_PHASE_STRIP = NO;
				DEBUG_INFORMATION_FORMAT = "dwarf-with-dsym";
				GCC_C_LANGUAGE_STANDARD = gnu99;
				GCC_ENABLE_OBJC_EXCEPTIONS = YES;
				GCC_VERSION = com.apple.compilers.llvm.clang.1_0;
				GCC_WARN_64_TO_32_BIT_CONVERSION = YES;
				GCC_WARN_ABOUT_RETURN_TYPE = YES;
				GCC_WARN_UNDECLARED_SELECTOR = YES;
				GCC_WARN_UNINITIALIZED_AUTOS = YES;
				GCC_WARN_UNUSED_FUNCTION = YES;
				GCC_WARN_UNUSED_VARIABLE = YES;
				MACOSX_DEPLOYMENT_TARGET = 10.7;
				SDKROOT = macosx;
			};
			name = Release;
		};
		6C56449F159E7C0900215467 /* Debug */ = {
			isa = XCBuildConfiguration;
			buildSettings = {
				COMBINE_HIDPI_IMAGES = YES;
				GCC_PRECOMPILE_PREFIX_HEADER = YES;
				GCC_PREFIX_HEADER = "EasySIMBL/Flashlight-Prefix.pch";
				INFOPLIST_FILE = "EasySIMBL/Flashlight-Info.plist";
				PRODUCT_NAME = "$(TARGET_NAME)";
				WRAPPER_EXTENSION = app;
			};
			name = Debug;
		};
		6C5644A0159E7C0900215467 /* Release */ = {
			isa = XCBuildConfiguration;
			buildSettings = {
				COMBINE_HIDPI_IMAGES = YES;
				GCC_PRECOMPILE_PREFIX_HEADER = YES;
				GCC_PREFIX_HEADER = "EasySIMBL/Flashlight-Prefix.pch";
				INFOPLIST_FILE = "EasySIMBL/Flashlight-Info.plist";
				PRODUCT_NAME = "$(TARGET_NAME)";
				WRAPPER_EXTENSION = app;
			};
			name = Release;
		};
/* End XCBuildConfiguration section */

/* Begin XCConfigurationList section */
		6C56447A159E7C0800215467 /* Build configuration list for PBXProject "Flashlight" */ = {
			isa = XCConfigurationList;
			buildConfigurations = (
				6C56449C159E7C0900215467 /* Debug */,
				6C56449D159E7C0900215467 /* Release */,
			);
			defaultConfigurationIsVisible = 0;
			defaultConfigurationName = Release;
		};
		6C56449E159E7C0900215467 /* Build configuration list for PBXNativeTarget "Flashlight" */ = {
			isa = XCConfigurationList;
			buildConfigurations = (
				6C56449F159E7C0900215467 /* Debug */,
				6C5644A0159E7C0900215467 /* Release */,
			);
			defaultConfigurationIsVisible = 0;
			defaultConfigurationName = Release;
		};
/* End XCConfigurationList section */
	};
	rootObject = 6C564477159E7C0800215467 /* Project object */;
}
